{
  "originHash" : "76d6c8b54af30299cbc27ddf79124192088f8e8d5a8211fef7f7b5e6b2f472be",
  "pins" : [
    {
      "identity" : "datavisualizations",
      "kind" : "remoteSourceControl",
      "location" : "https://github.com/erickvs/DataVisualizations.git",
      "state" : {
        "branch" : "main",
        "revision" : "dbfb7f2369be3cc12f75df658b2923591de7ecc0"
      }
    }
  ],
  "version" : 3
}
