// !$*UTF8*$!
{
	archiveVersion = 1;
	classes = {
	};
	objectVersion = 77;
	objects = {

/* Begin PBXBuildFile section */
		A7F55DA82EBFFCEF00B9A343 /* DataVisualizations in Frameworks */ = {isa = PBXBuildFile; productRef = A7F55DA72EBFFCEF00B9A343 /* DataVisualizations */; };
/* End PBXBuildFile section */

/* Begin PBXContainerItemProxy section */
		A7F55D8A2EBFF60600B9A343 /* PBXContainerItemProxy */ = {
			isa = PBXContainerItemProxy;
			containerPortal = A7F55D742EBFF60500B9A343 /* Project object */;
			proxyType = 1;
			remoteGlobalIDString = A7F55D7B2EBFF60500B9A343;
			remoteInfo = DataVisualization;
		};
		A7F55D942EBFF60600B9A343 /* PBXContainerItemProxy */ = {
			isa = PBXContainerItemProxy;
			containerPortal = A7F55D742EBFF60500B9A343 /* Project object */;
			proxyType = 1;
			remoteGlobalIDString = A7F55D7B2EBFF60500B9A343;
			remoteInfo = DataVisualization;
		};
/* End PBXContainerItemProxy section */

/* Begin PBXFileReference section */
		A7F55D7C2EBFF60500B9A343 /* DataVisualization.app */ = {isa = PBXFileReference; explicitFileType = wrapper.application; includeInIndex = 0; path = DataVisualization.app; sourceTree = BUILT_PRODUCTS_DIR; };
		A7F55D892EBFF60600B9A343 /* DataVisualizationTests.xctest */ = {isa = PBXFileReference; explicitFileType = wrapper.cfbundle; includeInIndex = 0; path = DataVisualizationTests.xctest; sourceTree = BUILT_PRODUCTS_DIR; };
		A7F55D932EBFF60600B9A343 /* DataVisualizationUITests.xctest */ = {isa = PBXFileReference; explicitFileType = wrapper.cfbundle; includeInIndex = 0; path = DataVisualizationUITests.xctest; sourceTree = BUILT_PRODUCTS_DIR; };
/* End PBXFileReference section */

/* Begin PBXFileSystemSynchronizedRootGroup section */
		A7F55D7E2EBFF60500B9A343 /* DataVisualization */ = {
			isa = PBXFileSystemSynchronizedRootGroup;
			path = DataVisualization;
			sourceTree = "<group>";
		};
		A7F55D8C2EBFF60600B9A343 /* DataVisualizationTests */ = {
			isa = PBXFileSystemSynchronizedRootGroup;
			path = DataVisualizationTests;
			sourceTree = "<group>";
		};
		A7F55D962EBFF60600B9A343 /* DataVisualizationUITests */ = {
			isa = PBXFileSystemSynchronizedRootGroup;
			path = DataVisualizationUITests;
			sourceTree = "<group>";
		};
/* End PBXFileSystemSynchronizedRootGroup section */

/* Begin PBXFrameworksBuildPhase section */
		A7F55D792EBFF60500B9A343 /* Frameworks */ = {
			isa = PBXFrameworksBuildPhase;
			buildActionMask = 2147483647;
			files = (
				A7F55DA82EBFFCEF00B9A343 /* DataVisualizations in Frameworks */,
			);
			runOnlyForDeploymentPostprocessing = 0;
		};
		A7F55D862EBFF60600B9A343 /* Frameworks */ = {
			isa = PBXFrameworksBuildPhase;
			buildActionMask = 2147483647;
			files = (
			);
			runOnlyForDeploymentPostprocessing = 0;
		};
		A7F55D902EBFF60600B9A343 /* Frameworks */ = {
			isa = PBXFrameworksBuildPhase;
			buildActionMask = 2147483647;
			files = (
			);
			runOnlyForDeploymentPostprocessing = 0;
		};
/* End PBXFrameworksBuildPhase section */

/* Begin PBXGroup section */
		A7F55D732EBFF60500B9A343 = {
			isa = PBXGroup;
			children = (
				A7F55D7E2EBFF60500B9A343 /* DataVisualization */,
				A7F55D8C2EBFF60600B9A343 /* DataVisualizationTests */,
				A7F55D962EBFF60600B9A343 /* DataVisualizationUITests */,
				A7F55D7D2EBFF60500B9A343 /* Products */,
			);
			sourceTree = "<group>";
		};
		A7F55D7D2EBFF60500B9A343 /* Products */ = {
			isa = PBXGroup;
			children = (
				A7F55D7C2EBFF60500B9A343 /* DataVisualization.app */,
				A7F55D892EBFF60600B9A343 /* DataVisualizationTests.xctest */,
				A7F55D932EBFF60600B9A343 /* DataVisualizationUITests.xctest */,
			);
			name = Products;
			sourceTree = "<group>";
		};
/* End PBXGroup section */

/* Begin PBXNativeTarget section */
		A7F55D7B2EBFF60500B9A343 /* DataVisualization */ = {
			isa = PBXNativeTarget;
			buildConfigurationList = A7F55D9D2EBFF60600B9A343 /* Build configuration list for PBXNativeTarget "DataVisualization" */;
			buildPhases = (
				A7F55D782EBFF60500B9A343 /* Sources */,
				A7F55D792EBFF60500B9A343 /* Frameworks */,
				A7F55D7A2EBFF60500B9A343 /* Resources */,
			);
			buildRules = (
			);
			dependencies = (
			);
			fileSystemSynchronizedGroups = (
				A7F55D7E2EBFF60500B9A343 /* DataVisualization */,
			);
			name = DataVisualization;
			packageProductDependencies = (
				A7F55DA72EBFFCEF00B9A343 /* DataVisualizations */,
			);
			productName = DataVisualization;
			productReference = A7F55D7C2EBFF60500B9A343 /* DataVisualization.app */;
			productType = "com.apple.product-type.application";
		};
		A7F55D882EBFF60600B9A343 /* DataVisualizationTests */ = {
			isa = PBXNativeTarget;
			buildConfigurationList = A7F55DA02EBFF60600B9A343 /* Build configuration list for PBXNativeTarget "DataVisualizationTests" */;
			buildPhases = (
				A7F55D852EBFF60600B9A343 /* Sources */,
				A7F55D862EBFF60600B9A343 /* Frameworks */,
				A7F55D872EBFF60600B9A343 /* Resources */,
			);
			buildRules = (
			);
			dependencies = (
				A7F55D8B2EBFF60600B9A343 /* PBXTargetDependency */,
			);
			fileSystemSynchronizedGroups = (
				A7F55D8C2EBFF60600B9A343 /* DataVisualizationTests */,
			);
			name = DataVisualizationTests;
			packageProductDependencies = (
			);
			productName = DataVisualizationTests;
			productReference = A7F55D892EBFF60600B9A343 /* DataVisualizationTests.xctest */;
			productType = "com.apple.product-type.bundle.unit-test";
		};
		A7F55D922EBFF60600B9A343 /* DataVisualizationUITests */ = {
			isa = PBXNativeTarget;
			buildConfigurationList = A7F55DA32EBFF60600B9A343 /* Build configuration list for PBXNativeTarget "DataVisualizationUITests" */;
			buildPhases = (
				A7F55D8F2EBFF60600B9A343 /* Sources */,
				A7F55D902EBFF60600B9A343 /* Frameworks */,
				A7F55D912EBFF60600B9A343 /* Resources */,
			);
			buildRules = (
			);
			dependencies = (
				A7F55D952EBFF60600B9A343 /* PBXTargetDependency */,
			);
			fileSystemSynchronizedGroups = (
				A7F55D962EBFF60600B9A343 /* DataVisualizationUITests */,
			);
			name = DataVisualizationUITests;
			packageProductDependencies = (
			);
			productName = DataVisualizationUITests;
			productReference = A7F55D932EBFF60600B9A343 /* DataVisualizationUITests.xctest */;
			productType = "com.apple.product-type.bundle.ui-testing";
		};
/* End PBXNativeTarget section */

/* Begin PBXProject section */
		A7F55D742EBFF60500B9A343 /* Project object */ = {
			isa = PBXProject;
			attributes = {
				BuildIndependentTargetsInParallel = 1;
				LastSwiftUpdateCheck = 2610;
				LastUpgradeCheck = 2610;
				TargetAttributes = {
					A7F55D7B2EBFF60500B9A343 = {
						CreatedOnToolsVersion = 26.1;
					};
					A7F55D882EBFF60600B9A343 = {
						CreatedOnToolsVersion = 26.1;
						TestTargetID = A7F55D7B2EBFF60500B9A343;
					};
					A7F55D922EBFF60600B9A343 = {
						CreatedOnToolsVersion = 26.1;
						TestTargetID = A7F55D7B2EBFF60500B9A343;
					};
				};
			};
			buildConfigurationList = A7F55D772EBFF60500B9A343 /* Build configuration list for PBXProject "DataVisualization" */;
			developmentRegion = en;
			hasScannedForEncodings = 0;
			knownRegions = (
				en,
				Base,
			);
			mainGroup = A7F55D732EBFF60500B9A343;
			minimizedProjectReferenceProxies = 1;
			packageReferences = (
				A7F55DA62EBFFCEF00B9A343 /* XCRemoteSwiftPackageReference "DataVisualizations" */,
			);
			preferredProjectObjectVersion = 77;
			productRefGroup = A7F55D7D2EBFF60500B9A343 /* Products */;
			projectDirPath = "";
			projectRoot = "";
			targets = (
				A7F55D7B2EBFF60500B9A343 /* DataVisualization */,
				A7F55D882EBFF60600B9A343 /* DataVisualizationTests */,
				A7F55D922EBFF60600B9A343 /* DataVisualizationUITests */,
			);
		};
/* End PBXProject section */

/* Begin PBXResourcesBuildPhase section */
		A7F55D7A2EBFF60500B9A343 /* Resources */ = {
			isa = PBXResourcesBuildPhase;
			buildActionMask = 2147483647;
			files = (
			);
			runOnlyForDeploymentPostprocessing = 0;
		};
		A7F55D872EBFF60600B9A343 /* Resources */ = {
			isa = PBXResourcesBuildPhase;
			buildActionMask = 2147483647;
			files = (
			);
			runOnlyForDeploymentPostprocessing = 0;
		};
		A7F55D912EBFF60600B9A343 /* Resources */ = {
			isa = PBXResourcesBuildPhase;
			buildActionMask = 2147483647;
			files = (
			);
			runOnlyForDeploymentPostprocessing = 0;
		};
/* End PBXResourcesBuildPhase section */

/* Begin PBXSourcesBuildPhase section */
		A7F55D782EBFF60500B9A343 /* Sources */ = {
			isa = PBXSourcesBuildPhase;
			buildActionMask = 2147483647;
			files = (
			);
			runOnlyForDeploymentPostprocessing = 0;
		};
		A7F55D852EBFF60600B9A343 /* Sources */ = {
			isa = PBXSourcesBuildPhase;
			buildActionMask = 2147483647;
			files = (
			);
			runOnlyForDeploymentPostprocessing = 0;
		};
		A7F55D8F2EBFF60600B9A343 /* Sources */ = {
			isa = PBXSourcesBuildPhase;
			buildActionMask = 2147483647;
			files = (
			);
			runOnlyForDeploymentPostprocessing = 0;
		};
/* End PBXSourcesBuildPhase section */

/* Begin PBXTargetDependency section */
		A7F55D8B2EBFF60600B9A343 /* PBXTargetDependency */ = {
			isa = PBXTargetDependency;
			target = A7F55D7B2EBFF60500B9A343 /* DataVisualization */;
			targetProxy = A7F55D8A2EBFF60600B9A343 /* PBXContainerItemProxy */;
		};
		A7F55D952EBFF60600B9A343 /* PBXTargetDependency */ = {
			isa = PBXTargetDependency;
			target = A7F55D7B2EBFF60500B9A343 /* DataVisualization */;
			targetProxy = A7F55D942EBFF60600B9A343 /* PBXContainerItemProxy */;
		};
/* End PBXTargetDependency section */

/* Begin XCBuildConfiguration section */
		A7F55D9B2EBFF60600B9A343 /* Debug */ = {
			isa = XCBuildConfiguration;
			buildSettings = {
				ALWAYS_SEARCH_USER_PATHS = NO;
				ASSETCATALOG_COMPILER_GENERATE_SWIFT_ASSET_SYMBOL_EXTENSIONS = YES;
				CLANG_ANALYZER_NONNULL = YES;
				CLANG_ANALYZER_NUMBER_OBJECT_CONVERSION = YES_AGGRESSIVE;
				CLANG_CXX_LANGUAGE_STANDARD = "gnu++20";
				CLANG_ENABLE_MODULES = YES;
				CLANG_ENABLE_OBJC_ARC = YES;
				CLANG_ENABLE_OBJC_WEAK = YES;
				CLANG_WARN_BLOCK_CAPTURE_AUTORELEASING = YES;
				CLANG_WARN_BOOL_CONVERSION = YES;
				CLANG_WARN_COMMA = YES;
				CLANG_WARN_CONSTANT_CONVERSION = YES;
				CLANG_WARN_DEPRECATED_OBJC_IMPLEMENTATIONS = YES;
				CLANG_WARN_DIRECT_OBJC_ISA_USAGE = YES_ERROR;
				CLANG_WARN_DOCUMENTATION_COMMENTS = YES;
				CLANG_WARN_EMPTY_BODY = YES;
				CLANG_WARN_ENUM_CONVERSION = YES;
				CLANG_WARN_INFINITE_RECURSION = YES;
				CLANG_WARN_INT_CONVERSION = YES;
				CLANG_WARN_NON_LITERAL_NULL_CONVERSION = YES;
				CLANG_WARN_OBJC_IMPLICIT_RETAIN_SELF = YES;
				CLANG_WARN_OBJC_LITERAL_CONVERSION = YES;
				CLANG_WARN_OBJC_ROOT_CLASS = YES_ERROR;
				CLANG_WARN_QUOTED_INCLUDE_IN_FRAMEWORK_HEADER = YES;
				CLANG_WARN_RANGE_LOOP_ANALYSIS = YES;
				CLANG_WARN_STRICT_PROTOTYPES = YES;
				CLANG_WARN_SUSPICIOUS_MOVE = YES;
				CLANG_WARN_UNGUARDED_AVAILABILITY = YES_AGGRESSIVE;
				CLANG_WARN_UNREACHABLE_CODE = YES;
				CLANG_WARN__DUPLICATE_METHOD_MATCH = YES;
				COPY_PHASE_STRIP = NO;
				DEBUG_INFORMATION_FORMAT = dwarf;
				DEVELOPMENT_TEAM = GUMDNP56Q4;
				ENABLE_STRICT_OBJC_MSGSEND = YES;
				ENABLE_TESTABILITY = YES;
				ENABLE_USER_SCRIPT_SANDBOXING = YES;
				GCC_C_LANGUAGE_STANDARD = gnu17;
				GCC_DYNAMIC_NO_PIC = NO;
				GCC_NO_COMMON_BLOCKS = YES;
				GCC_OPTIMIZATION_LEVEL = 0;
				GCC_PREPROCESSOR_DEFINITIONS = (
					"DEBUG=1",
					"$(inherited)",
				);
				GCC_WARN_64_TO_32_BIT_CONVERSION = YES;
				GCC_WARN_ABOUT_RETURN_TYPE = YES_ERROR;
				GCC_WARN_UNDECLARED_SELECTOR = YES;
				GCC_WARN_UNINITIALIZED_AUTOS = YES_AGGRESSIVE;
				GCC_WARN_UNUSED_FUNCTION = YES;
				GCC_WARN_UNUSED_VARIABLE = YES;
				IPHONEOS_DEPLOYMENT_TARGET = 26.1;
				LOCALIZATION_PREFERS_STRING_CATALOGS = YES;
				MTL_ENABLE_DEBUG_INFO = INCLUDE_SOURCE;
				MTL_FAST_MATH = YES;
				ONLY_ACTIVE_ARCH = YES;
				SDKROOT = iphoneos;
				SWIFT_ACTIVE_COMPILATION_CONDITIONS = "DEBUG $(inherited)";
				SWIFT_OPTIMIZATION_LEVEL = "-Onone";
			};
			name = Debug;
		};
		A7F55D9C2EBFF60600B9A343 /* Release */ = {
			isa = XCBuildConfiguration;
			buildSettings = {
				ALWAYS_SEARCH_USER_PATHS = NO;
				ASSETCATALOG_COMPILER_GENERATE_SWIFT_ASSET_SYMBOL_EXTENSIONS = YES;
				CLANG_ANALYZER_NONNULL = YES;
				CLANG_ANALYZER_NUMBER_OBJECT_CONVERSION = YES_AGGRESSIVE;
				CLANG_CXX_LANGUAGE_STANDARD = "gnu++20";
				CLANG_ENABLE_MODULES = YES;
				CLANG_ENABLE_OBJC_ARC = YES;
				CLANG_ENABLE_OBJC_WEAK = YES;
				CLANG_WARN_BLOCK_CAPTURE_AUTORELEASING = YES;
				CLANG_WARN_BOOL_CONVERSION = YES;
				CLANG_WARN_COMMA = YES;
				CLANG_WARN_CONSTANT_CONVERSION = YES;
				CLANG_WARN_DEPRECATED_OBJC_IMPLEMENTATIONS = YES;
				CLANG_WARN_DIRECT_OBJC_ISA_USAGE = YES_ERROR;
				CLANG_WARN_DOCUMENTATION_COMMENTS = YES;
				CLANG_WARN_EMPTY_BODY = YES;
				CLANG_WARN_ENUM_CONVERSION = YES;
				CLANG_WARN_INFINITE_RECURSION = YES;
				CLANG_WARN_INT_CONVERSION = YES;
				CLANG_WARN_NON_LITERAL_NULL_CONVERSION = YES;
				CLANG_WARN_OBJC_IMPLICIT_RETAIN_SELF = YES;
				CLANG_WARN_OBJC_LITERAL_CONVERSION = YES;
				CLANG_WARN_OBJC_ROOT_CLASS = YES_ERROR;
				CLANG_WARN_QUOTED_INCLUDE_IN_FRAMEWORK_HEADER = YES;
				CLANG_WARN_RANGE_LOOP_ANALYSIS = YES;
				CLANG_WARN_STRICT_PROTOTYPES = YES;
				CLANG_WARN_SUSPICIOUS_MOVE = YES;
				CLANG_WARN_UNGUARDED_AVAILABILITY = YES_AGGRESSIVE;
				CLANG_WARN_UNREACHABLE_CODE = YES;
				CLANG_WARN__DUPLICATE_METHOD_MATCH = YES;
				COPY_PHASE_STRIP = NO;
				DEBUG_INFORMATION_FORMAT = "dwarf-with-dsym";
				DEVELOPMENT_TEAM = GUMDNP56Q4;
				ENABLE_NS_ASSERTIONS = NO;
				ENABLE_STRICT_OBJC_MSGSEND = YES;
				ENABLE_USER_SCRIPT_SANDBOXING = YES;
				GCC_C_LANGUAGE_STANDARD = gnu17;
				GCC_NO_COMMON_BLOCKS = YES;
				GCC_WARN_64_TO_32_BIT_CONVERSION = YES;
				GCC_WARN_ABOUT_RETURN_TYPE = YES_ERROR;
				GCC_WARN_UNDECLARED_SELECTOR = YES;
				GCC_WARN_UNINITIALIZED_AUTOS = YES_AGGRESSIVE;
				GCC_WARN_UNUSED_FUNCTION = YES;
				GCC_WARN_UNUSED_VARIABLE = YES;
				IPHONEOS_DEPLOYMENT_TARGET = 26.1;
				LOCALIZATION_PREFERS_STRING_CATALOGS = YES;
				MTL_ENABLE_DEBUG_INFO = NO;
				MTL_FAST_MATH = YES;
				SDKROOT = iphoneos;
				SWIFT_COMPILATION_MODE = wholemodule;
				VALIDATE_PRODUCT = YES;
			};
			name = Release;
		};
		A7F55D9E2EBFF60600B9A343 /* Debug */ = {
			isa = XCBuildConfiguration;
			buildSettings = {
				ASSETCATALOG_COMPILER_APPICON_NAME = AppIcon;
				ASSETCATALOG_COMPILER_GLOBAL_ACCENT_COLOR_NAME = AccentColor;
				CODE_SIGN_STYLE = Automatic;
				CURRENT_PROJECT_VERSION = 1;
				DEVELOPMENT_TEAM = GUMDNP56Q4;
				ENABLE_PREVIEWS = YES;
				GENERATE_INFOPLIST_FILE = YES;
				INFOPLIST_KEY_UIApplicationSceneManifest_Generation = YES;
				INFOPLIST_KEY_UIApplicationSupportsIndirectInputEvents = YES;
				INFOPLIST_KEY_UILaunchScreen_Generation = YES;
				INFOPLIST_KEY_UISupportedInterfaceOrientations_iPad = "UIInterfaceOrientationPortrait UIInterfaceOrientationPortraitUpsideDown UIInterfaceOrientationLandscapeLeft UIInterfaceOrientationLandscapeRight";
				INFOPLIST_KEY_UISupportedInterfaceOrientations_iPhone = "UIInterfaceOrientationPortrait UIInterfaceOrientationLandscapeLeft UIInterfaceOrientationLandscapeRight";
				LD_RUNPATH_SEARCH_PATHS = (
					"$(inherited)",
					"@executable_path/Frameworks",
				);
				MARKETING_VERSION = 1.0;
				PRODUCT_BUNDLE_IDENTIFIER = "com.erickvs.data-visualization.DataVisualization";
				PRODUCT_NAME = "$(TARGET_NAME)";
				STRING_CATALOG_GENERATE_SYMBOLS = YES;
				SWIFT_APPROACHABLE_CONCURRENCY = YES;
				SWIFT_DEFAULT_ACTOR_ISOLATION = MainActor;
				SWIFT_EMIT_LOC_STRINGS = YES;
				SWIFT_UPCOMING_FEATURE_MEMBER_IMPORT_VISIBILITY = YES;
				SWIFT_VERSION = 5.0;
				TARGETED_DEVICE_FAMILY = "1,2";
			};
			name = Debug;
		};
		A7F55D9F2EBFF60600B9A343 /* Release */ = {
			isa = XCBuildConfiguration;
			buildSettings = {
				ASSETCATALOG_COMPILER_APPICON_NAME = AppIcon;
				ASSETCATALOG_COMPILER_GLOBAL_ACCENT_COLOR_NAME = AccentColor;
				CODE_SIGN_STYLE = Automatic;
				CURRENT_PROJECT_VERSION = 1;
				DEVELOPMENT_TEAM = GUMDNP56Q4;
				ENABLE_PREVIEWS = YES;
				GENERATE_INFOPLIST_FILE = YES;
				INFOPLIST_KEY_UIApplicationSceneManifest_Generation = YES;
				INFOPLIST_KEY_UIApplicationSupportsIndirectInputEvents = YES;
				INFOPLIST_KEY_UILaunchScreen_Generation = YES;
				INFOPLIST_KEY_UISupportedInterfaceOrientations_iPad = "UIInterfaceOrientationPortrait UIInterfaceOrientationPortraitUpsideDown UIInterfaceOrientationLandscapeLeft UIInterfaceOrientationLandscapeRight";
				INFOPLIST_KEY_UISupportedInterfaceOrientations_iPhone = "UIInterfaceOrientationPortrait UIInterfaceOrientationLandscapeLeft UIInterfaceOrientationLandscapeRight";
				LD_RUNPATH_SEARCH_PATHS = (
					"$(inherited)",
					"@executable_path/Frameworks",
				);
				MARKETING_VERSION = 1.0;
				PRODUCT_BUNDLE_IDENTIFIER = "com.erickvs.data-visualization.DataVisualization";
				PRODUCT_NAME = "$(TARGET_NAME)";
				STRING_CATALOG_GENERATE_SYMBOLS = YES;
				SWIFT_APPROACHABLE_CONCURRENCY = YES;
				SWIFT_DEFAULT_ACTOR_ISOLATION = MainActor;
				SWIFT_EMIT_LOC_STRINGS = YES;
				SWIFT_UPCOMING_FEATURE_MEMBER_IMPORT_VISIBILITY = YES;
				SWIFT_VERSION = 5.0;
				TARGETED_DEVICE_FAMILY = "1,2";
			};
			name = Release;
		};
		A7F55DA12EBFF60600B9A343 /* Debug */ = {
			isa = XCBuildConfiguration;
			buildSettings = {
				BUNDLE_LOADER = "$(TEST_HOST)";
				CODE_SIGN_STYLE = Automatic;
				CURRENT_PROJECT_VERSION = 1;
				DEVELOPMENT_TEAM = GUMDNP56Q4;
				GENERATE_INFOPLIST_FILE = YES;
				IPHONEOS_DEPLOYMENT_TARGET = 26.1;
				MARKETING_VERSION = 1.0;
				PRODUCT_BUNDLE_IDENTIFIER = "com.erickvs.data-visualization.DataVisualizationTests";
				PRODUCT_NAME = "$(TARGET_NAME)";
				STRING_CATALOG_GENERATE_SYMBOLS = NO;
				SWIFT_APPROACHABLE_CONCURRENCY = YES;
				SWIFT_EMIT_LOC_STRINGS = NO;
				SWIFT_UPCOMING_FEATURE_MEMBER_IMPORT_VISIBILITY = YES;
				SWIFT_VERSION = 5.0;
				TARGETED_DEVICE_FAMILY = "1,2";
				TEST_HOST = "$(BUILT_PRODUCTS_DIR)/DataVisualization.app/$(BUNDLE_EXECUTABLE_FOLDER_PATH)/DataVisualization";
			};
			name = Debug;
		};
		A7F55DA22EBFF60600B9A343 /* Release */ = {
			isa = XCBuildConfiguration;
			buildSettings = {
				BUNDLE_LOADER = "$(TEST_HOST)";
				CODE_SIGN_STYLE = Automatic;
				CURRENT_PROJECT_VERSION = 1;
				DEVELOPMENT_TEAM = GUMDNP56Q4;
				GENERATE_INFOPLIST_FILE = YES;
				IPHONEOS_DEPLOYMENT_TARGET = 26.1;
				MARKETING_VERSION = 1.0;
				PRODUCT_BUNDLE_IDENTIFIER = "com.erickvs.data-visualization.DataVisualizationTests";
				PRODUCT_NAME = "$(TARGET_NAME)";
				STRING_CATALOG_GENERATE_SYMBOLS = NO;
				SWIFT_APPROACHABLE_CONCURRENCY = YES;
				SWIFT_EMIT_LOC_STRINGS = NO;
				SWIFT_UPCOMING_FEATURE_MEMBER_IMPORT_VISIBILITY = YES;
				SWIFT_VERSION = 5.0;
				TARGETED_DEVICE_FAMILY = "1,2";
				TEST_HOST = "$(BUILT_PRODUCTS_DIR)/DataVisualization.app/$(BUNDLE_EXECUTABLE_FOLDER_PATH)/DataVisualization";
			};
			name = Release;
		};
		A7F55DA42EBFF60600B9A343 /* Debug */ = {
			isa = XCBuildConfiguration;
			buildSettings = {
				CODE_SIGN_STYLE = Automatic;
				CURRENT_PROJECT_VERSION = 1;
				DEVELOPMENT_TEAM = GUMDNP56Q4;
				GENERATE_INFOPLIST_FILE = YES;
				MARKETING_VERSION = 1.0;
				PRODUCT_BUNDLE_IDENTIFIER = "com.erickvs.data-visualization.DataVisualizationUITests";
				PRODUCT_NAME = "$(TARGET_NAME)";
				STRING_CATALOG_GENERATE_SYMBOLS = NO;
				SWIFT_APPROACHABLE_CONCURRENCY = YES;
				SWIFT_EMIT_LOC_STRINGS = NO;
				SWIFT_UPCOMING_FEATURE_MEMBER_IMPORT_VISIBILITY = YES;
				SWIFT_VERSION = 5.0;
				TARGETED_DEVICE_FAMILY = "1,2";
				TEST_TARGET_NAME = DataVisualization;
			};
			name = Debug;
		};
		A7F55DA52EBFF60600B9A343 /* Release */ = {
			isa = XCBuildConfiguration;
			buildSettings = {
				CODE_SIGN_STYLE = Automatic;
				CURRENT_PROJECT_VERSION = 1;
				DEVELOPMENT_TEAM = GUMDNP56Q4;
				GENERATE_INFOPLIST_FILE = YES;
				MARKETING_VERSION = 1.0;
				PRODUCT_BUNDLE_IDENTIFIER = "com.erickvs.data-visualization.DataVisualizationUITests";
				PRODUCT_NAME = "$(TARGET_NAME)";
				STRING_CATALOG_GENERATE_SYMBOLS = NO;
				SWIFT_APPROACHABLE_CONCURRENCY = YES;
				SWIFT_EMIT_LOC_STRINGS = NO;
				SWIFT_UPCOMING_FEATURE_MEMBER_IMPORT_VISIBILITY = YES;
				SWIFT_VERSION = 5.0;
				TARGETED_DEVICE_FAMILY = "1,2";
				TEST_TARGET_NAME = DataVisualization;
			};
			name = Release;
		};
/* End XCBuildConfiguration section */

/* Begin XCConfigurationList section */
		A7F55D772EBFF60500B9A343 /* Build configuration list for PBXProject "DataVisualization" */ = {
			isa = XCConfigurationList;
			buildConfigurations = (
				A7F55D9B2EBFF60600B9A343 /* Debug */,
				A7F55D9C2EBFF60600B9A343 /* Release */,
			);
			defaultConfigurationIsVisible = 0;
			defaultConfigurationName = Release;
		};
		A7F55D9D2EBFF60600B9A343 /* Build configuration list for PBXNativeTarget "DataVisualization" */ = {
			isa = XCConfigurationList;
			buildConfigurations = (
				A7F55D9E2EBFF60600B9A343 /* Debug */,
				A7F55D9F2EBFF60600B9A343 /* Release */,
			);
			defaultConfigurationIsVisible = 0;
			defaultConfigurationName = Release;
		};
		A7F55DA02EBFF60600B9A343 /* Build configuration list for PBXNativeTarget "DataVisualizationTests" */ = {
			isa = XCConfigurationList;
			buildConfigurations = (
				A7F55DA12EBFF60600B9A343 /* Debug */,
				A7F55DA22EBFF60600B9A343 /* Release */,
			);
			defaultConfigurationIsVisible = 0;
			defaultConfigurationName = Release;
		};
		A7F55DA32EBFF60600B9A343 /* Build configuration list for PBXNativeTarget "DataVisualizationUITests" */ = {
			isa = XCConfigurationList;
			buildConfigurations = (
				A7F55DA42EBFF60600B9A343 /* Debug */,
				A7F55DA52EBFF60600B9A343 /* Release */,
			);
			defaultConfigurationIsVisible = 0;
			defaultConfigurationName = Release;
		};
/* End XCConfigurationList section */

/* Begin XCRemoteSwiftPackageReference section */
		A7F55DA62EBFFCEF00B9A343 /* XCRemoteSwiftPackageReference "DataVisualizations" */ = {
			isa = XCRemoteSwiftPackageReference;
			repositoryURL = "https://github.com/erickvs/DataVisualizations.git";
			requirement = {
				branch = main;
				kind = branch;
			};
		};
/* End XCRemoteSwiftPackageReference section */

/* Begin XCSwiftPackageProductDependency section */
		A7F55DA72EBFFCEF00B9A343 /* DataVisualizations */ = {
			isa = XCSwiftPackageProductDependency;
			package = A7F55DA62EBFFCEF00B9A343 /* XCRemoteSwiftPackageReference "DataVisualizations" */;
			productName = DataVisualizations;
		};
/* End XCSwiftPackageProductDependency section */
	};
	rootObject = A7F55D742EBFF60500B9A343 /* Project object */;
}
